
Microsoft Visual Studio Solution File, Format Version 12.00
# Visual Studio Version 17
VisualStudioVersion = 17.0.31903.59
MinimumVisualStudioVersion = 10.0.40219.1
Project("{8BC9CEB8-8B4A-11D0-8D11-00A0C91BC942}") = "Každé 2-číslo", "Každé 2-číslo\Každé 2-číslo.vcxproj", "{BEF4A55C-14BF-4DE0-90A6-1B00BC5B8C8A}"
EndProject
Global
	GlobalSection(SolutionConfigurationPlatforms) = preSolution
		Debug|x64 = Debug|x64
		Debug|x86 = Debug|x86
		Release|x64 = Release|x64
		Release|x86 = Release|x86
	EndGlobalSection
	GlobalSection(ProjectConfigurationPlatforms) = postSolution
		{BEF4A55C-14BF-4DE0-90A6-1B00BC5B8C8A}.Debug|x64.ActiveCfg = Debug|x64
		{BEF4A55C-14BF-4DE0-90A6-1B00BC5B8C8A}.Debug|x64.Build.0 = Debug|x64
		{BEF4A55C-14BF-4DE0-90A6-1B00BC5B8C8A}.Debug|x86.ActiveCfg = Debug|Win32
		{BEF4A55C-14BF-4DE0-90A6-1B00BC5B8C8A}.Debug|x86.Build.0 = Debug|Win32
		{BEF4A55C-14BF-4DE0-90A6-1B00BC5B8C8A}.Release|x64.ActiveCfg = Release|x64
		{BEF4A55C-14BF-4DE0-90A6-1B00BC5B8C8A}.Release|x64.Build.0 = Release|x64
		{BEF4A55C-14BF-4DE0-90A6-1B00BC5B8C8A}.Release|x86.ActiveCfg = Release|Win32
		{BEF4A55C-14BF-4DE0-90A6-1B00BC5B8C8A}.Release|x86.Build.0 = Release|Win32
	EndGlobalSection
	GlobalSection(SolutionProperties) = preSolution
		HideSolutionNode = FALSE
	EndGlobalSection
	GlobalSection(ExtensibilityGlobals) = postSolution
		SolutionGuid = {1B385BB0-67DC-4F00-8969-4867D949C11D}
	EndGlobalSection
EndGlobal
